
Microsoft Visual Studio Solution File, Format Version 12.00
# Visual Studio Version 17
VisualStudioVersion = 17.8.34316.72
MinimumVisualStudioVersion = 10.0.40219.1
Project("{FAE04EC0-301F-11D3-BF4B-00C04F79EFBC}") = "UI.WPF", "src\UserInterface\Windows\UI.WPF\UI.WPF.csproj", "{AE092803-F18E-4557-B15D-A068330A3E5E}"
EndProject
Global
	GlobalSection(SolutionConfigurationPlatforms) = preSolution
		Debug|Any CPU = Debug|Any CPU
		Release|Any CPU = Release|Any CPU
	EndGlobalSection
	GlobalSection(ProjectConfigurationPlatforms) = postSolution
		{AE092803-F18E-4557-B15D-A068330A3E5E}.Debug|Any CPU.ActiveCfg = Debug|Any CPU
		{AE092803-F18E-4557-B15D-A068330A3E5E}.Debug|Any CPU.Build.0 = Debug|Any CPU
		{AE092803-F18E-4557-B15D-A068330A3E5E}.Release|Any CPU.ActiveCfg = Release|Any CPU
		{AE092803-F18E-4557-B15D-A068330A3E5E}.Release|Any CPU.Build.0 = Release|Any CPU
	EndGlobalSection
	GlobalSection(SolutionProperties) = preSolution
		HideSolutionNode = FALSE
	EndGlobalSection
	GlobalSection(ExtensibilityGlobals) = postSolution
		SolutionGuid = {4EED0C15-A975-46C6-B4B8-51005A76A873}
	EndGlobalSection
EndGlobal
